
Microsoft Visual Studio Solution File, Format Version 12.00
# Visual Studio Version 16
VisualStudioVersion = 16.0.30320.27
MinimumVisualStudioVersion = 10.0.40219.1
Project("{FAE04EC0-301F-11D3-BF4B-00C04F79EFBC}") = "SqlLoginWebPage", "SqlLoginWebPage\SqlLoginWebPage.csproj", "{85EEB181-B31A-424A-9A6B-047F90ADA17B}"
EndProject
Global
	GlobalSection(SolutionConfigurationPlatforms) = preSolution
		Debug|Any CPU = Debug|Any CPU
		Release|Any CPU = Release|Any CPU
	EndGlobalSection
	GlobalSection(ProjectConfigurationPlatforms) = postSolution
		{85EEB181-B31A-424A-9A6B-047F90ADA17B}.Debug|Any CPU.ActiveCfg = Debug|Any CPU
		{85EEB181-B31A-424A-9A6B-047F90ADA17B}.Debug|Any CPU.Build.0 = Debug|Any CPU
		{85EEB181-B31A-424A-9A6B-047F90ADA17B}.Release|Any CPU.ActiveCfg = Release|Any CPU
		{85EEB181-B31A-424A-9A6B-047F90ADA17B}.Release|Any CPU.Build.0 = Release|Any CPU
	EndGlobalSection
	GlobalSection(SolutionProperties) = preSolution
		HideSolutionNode = FALSE
	EndGlobalSection
	GlobalSection(ExtensibilityGlobals) = postSolution
		SolutionGuid = {5035E6D4-458A-4FC6-AD5B-0CA30D311AA8}
	EndGlobalSection
EndGlobal
